{
  "name": "pi-extensions",
  "lockfileVersion": 3,
  "requires": true,
  "packages": {
    "": {
      "name": "pi-extensions",
      "dependencies": {
        "@narumitw/pi-btw": "^0.61.1",
        "pi-everforest-tui": "^0.2.0",
        "pi-hashline-edit": "^0.8.3",
        "pi-mcp-adapter": "^3.3.0",
        "pi-permissions": "^1.0.4",
        "pi-subagents": "^0.35.1"
      }
    },
    "node_modules/@borewit/text-codec": {
      "version": "0.2.2",
      "resolved": "https://registry.npmjs.org/@borewit/text-codec/-/text-codec-0.2.2.tgz",
      "integrity": "sha512-DDaRehssg1aNrH4+2hnj1B7vnUGEjU6OIlyRdkMd0aUdIUvKXrJfXsy8LVtXAy7DRvYVluWbMspsRhz2lcW0mQ==",
      "license": "MIT",
      "funding": {
        "type": "github",
        "url": "https://github.com/sponsors/Borewit"
      }
    },
    "node_modules/@modelcontextprotocol/client": {
      "version": "2.0.0",
      "resolved": "https://pkg.pr.new/@modelcontextprotocol/client@3b205e7dd2f997b6a87e479e36421f7eaa2058e0",
      "integrity": "sha512-ZlibxQrqxSzt9L2FWO5PM22zhpdcLOaAdHJCZxHL+3vrZzJrvD49LwsLlt+l7YVt+9S3vYMOZwi9Vc96odBfhw==",
      "license": "MIT",
      "dependencies": {
        "@modelcontextprotocol/core": "https://pkg.pr.new/modelcontextprotocol/typescript-sdk/@modelcontextprotocol/core@3b205e7",
        "cross-spawn": "^7.0.5",
        "eventsource": "^3.0.2",
        "eventsource-parser": "^3.0.0",
        "jose": "^6.1.3",
        "pkce-challenge": "^5.0.0",
        "zod": "^4.2.0"
      },
      "engines": {
        "node": ">=20"
      }
    },
    "node_modules/@modelcontextprotocol/core": {
      "version": "2.0.0",
      "resolved": "https://pkg.pr.new/modelcontextprotocol/typescript-sdk/@modelcontextprotocol/core@3b205e7",
      "integrity": "sha512-lJLq7wP4hNwRcckA1Hd1fF1vPyA0QCDUqi+EO6GKzoXlxM10oIlY+f8m2pq+WLQJsG+/VwlJ4GA6Mx3Ei8uXKw==",
      "license": "MIT",
      "dependencies": {
        "zod": "^4.2.0"
      },
      "engines": {
        "node": ">=20"
      }
    },
    "node_modules/@modelcontextprotocol/ext-tasks": {
      "version": "0.1.0",
      "resolved": "https://registry.npmjs.org/@modelcontextprotocol/ext-tasks/-/ext-tasks-0.1.0.tgz",
      "integrity": "sha512-N6kQdDoR8bQcXFvoB0qsPh2k5/hr+aQDKngiJH8P2u3L68bdX0yMuPRMAZ6JHBGTA51rRFc3ajhiosEaeW9U1A==",
      "license": "Apache-2.0",
      "dependencies": {
        "zod": "^4.5.4"
      },
      "peerDependencies": {
        "@modelcontextprotocol/client": "^2.0.0"
      },
      "peerDependenciesMeta": {
        "@modelcontextprotocol/client": {
          "optional": true
        }
      }
    },
    "node_modules/@napi-rs/keyring": {
      "version": "2.1.0",
      "resolved": "https://registry.npmjs.org/@napi-rs/keyring/-/keyring-2.1.0.tgz",
      "integrity": "sha512-km9J3fomkGSLpImpelq0cMvLBrJ5eVlTzuWdG3Iy0laP6gU90MmHYjqhUhG32aYq0/0++r2TLuAA9xlnh4XU1g==",
      "license": "MIT",
      "engines": {
        "node": ">= 10"
      },
      "funding": {
        "type": "github",
        "url": "https://github.com/sponsors/Brooooooklyn"
      },
      "optionalDependencies": {
        "@napi-rs/keyring-darwin-arm64": "2.1.0",
        "@napi-rs/keyring-darwin-x64": "2.1.0",
        "@napi-rs/keyring-freebsd-x64": "2.1.0",
        "@napi-rs/keyring-linux-arm-gnueabihf": "2.1.0",
        "@napi-rs/keyring-linux-arm64-gnu": "2.1.0",
        "@napi-rs/keyring-linux-arm64-musl": "2.1.0",
        "@napi-rs/keyring-linux-riscv64-gnu": "2.1.0",
        "@napi-rs/keyring-linux-x64-gnu": "2.1.0",
        "@napi-rs/keyring-linux-x64-musl": "2.1.0",
        "@napi-rs/keyring-win32-arm64-msvc": "2.1.0",
        "@napi-rs/keyring-win32-ia32-msvc": "2.1.0",
        "@napi-rs/keyring-win32-x64-msvc": "2.1.0"
      }
    },
    "node_modules/@napi-rs/keyring-darwin-arm64": {
      "version": "2.1.0",
      "resolved": "https://registry.npmjs.org/@napi-rs/keyring-darwin-arm64/-/keyring-darwin-arm64-2.1.0.tgz",
      "integrity": "sha512-j6ATTOhmPW+N5EKwi8Yzn6P4Bz/uqnxzyYvqOL73/dgzDSYG5pS5eprqpVmOLse68WUTf79ZMqz97HnfvirJ9g==",
      "cpu": [
        "arm64"
      ],
      "license": "MIT",
      "optional": true,
      "os": [
        "darwin"
      ],
      "engines": {
        "node": ">= 10"
      }
    },
    "node_modules/@napi-rs/keyring-darwin-x64": {
      "version": "2.1.0",
      "resolved": "https://registry.npmjs.org/@napi-rs/keyring-darwin-x64/-/keyring-darwin-x64-2.1.0.tgz",
      "integrity": "sha512-54Q803nguiOaQzBG2h4uIkacI0eLGAlzzdpxPNi6IZtXbjqbPI4AQ86GrQy25tw3czBqRPBoGu0lHP2U+/f5iA==",
      "cpu": [
        "x64"
      ],
      "license": "MIT",
      "optional": true,
      "os": [
        "darwin"
      ],
      "engines": {
        "node": ">= 10"
      }
    },
    "node_modules/@napi-rs/keyring-freebsd-x64": {
      "version": "2.1.0",
      "resolved": "https://registry.npmjs.org/@napi-rs/keyring-freebsd-x64/-/keyring-freebsd-x64-2.1.0.tgz",
      "integrity": "sha512-BL7ngJAYQBrUp1PTF8enOXOIVfxN51RbwVOEQ+8eAjWypF/5Ipqs8oQoMqkuc0wAbk+vatnNVjdKCIFa/HPglg==",
      "cpu": [
        "x64"
      ],
      "license": "MIT",
      "optional": true,
      "os": [
        "freebsd"
      ],
      "engines": {
        "node": ">= 10"
      }
    },
    "node_modules/@napi-rs/keyring-linux-arm-gnueabihf": {
      "version": "2.1.0",
      "resolved": "https://registry.npmjs.org/@napi-rs/keyring-linux-arm-gnueabihf/-/keyring-linux-arm-gnueabihf-2.1.0.tgz",
      "integrity": "sha512-JYgbCDk+giss7lKla8NTXhM/fLj+Hrfgr3xwKQ8jKn8qMD6vXLwYcfK8HJ9VoAcjIeYEUpCL6dRszJC5M4zFNg==",
      "cpu": [
        "arm"
      ],
      "license": "MIT",
      "optional": true,
      "os": [
        "linux"
      ],
      "engines": {
        "node": ">= 10"
      }
    },
    "node_modules/@napi-rs/keyring-linux-arm64-gnu": {
      "version": "2.1.0",
      "resolved": "https://registry.npmjs.org/@napi-rs/keyring-linux-arm64-gnu/-/keyring-linux-arm64-gnu-2.1.0.tgz",
      "integrity": "sha512-+PMONFQ+2GkBXG7vRG2spgR73bNCMeVpNopHoSmhj2E+5Gu6zJooRBjoaIZKj6hCyrOU8pXAhoZ22EEFQ/4YeQ==",
      "cpu": [
        "arm64"
      ],
      "libc": [
        "glibc"
      ],
      "license": "MIT",
      "optional": true,
      "os": [
        "linux"
      ],
      "engines": {
        "node": ">= 10"
      }
    },
    "node_modules/@napi-rs/keyring-linux-arm64-musl": {
      "version": "2.1.0",
      "resolved": "https://registry.npmjs.org/@napi-rs/keyring-linux-arm64-musl/-/keyring-linux-arm64-musl-2.1.0.tgz",
      "integrity": "sha512-dKjiXKTHQjAS57hL0HVzLpW9XYNGFpfYkr/51FzIIvbZR08PAnzIDYKwShoNYGvjQP6+rDFf1a5Utl0aWwcFrA==",
      "cpu": [
        "arm64"
      ],
      "libc": [
        "musl"
      ],
      "license": "MIT",
      "optional": true,
      "os": [
        "linux"
      ],
      "engines": {
        "node": ">= 10"
      }
    },
    "node_modules/@napi-rs/keyring-linux-riscv64-gnu": {
      "version": "2.1.0",
      "resolved": "https://registry.npmjs.org/@napi-rs/keyring-linux-riscv64-gnu/-/keyring-linux-riscv64-gnu-2.1.0.tgz",
      "integrity": "sha512-tqhb0ofhtEJ2+ZfmlKTDHbmIoNSz+SSTPWRgMfSVCgI4JVkqDdfcmIOcThZfRffJ3QI9C3Tng+rZL24acmD+GA==",
      "cpu": [
        "riscv64"
      ],
      "libc": [
        "glibc"
      ],
      "license": "MIT",
      "optional": true,
      "os": [
        "linux"
      ],
      "engines": {
        "node": ">= 10"
      }
    },
    "node_modules/@napi-rs/keyring-linux-x64-gnu": {
      "version": "2.1.0",
      "resolved": "https://registry.npmjs.org/@napi-rs/keyring-linux-x64-gnu/-/keyring-linux-x64-gnu-2.1.0.tgz",
      "integrity": "sha512-7ZA0ssxfpuGXV8S5Ct1ZJoEL3sKg/8u7mIL4SK9/PwKBhxIq7K+FVcjnggNsuFnEhHTX+HYl9hHDrlX0odZnHg==",
      "cpu": [
        "x64"
      ],
      "libc": [
        "glibc"
      ],
      "license": "MIT",
      "optional": true,
      "os": [
        "linux"
      ],
      "engines": {
        "node": ">= 10"
      }
    },
    "node_modules/@napi-rs/keyring-linux-x64-musl": {
      "version": "2.1.0",
      "resolved": "https://registry.npmjs.org/@napi-rs/keyring-linux-x64-musl/-/keyring-linux-x64-musl-2.1.0.tgz",
      "integrity": "sha512-dI74Fzl03CrN2TEP7YVBtUBFgyRTRPyK1LMcIgAUfgW3o6f5SD1a8EsfT82+brpFOltjOhacIlFiYOkYtSI5Fg==",
      "cpu": [
        "x64"
      ],
      "libc": [
        "musl"
      ],
      "license": "MIT",
      "optional": true,
      "os": [
        "linux"
      ],
      "engines": {
        "node": ">= 10"
      }
    },
    "node_modules/@napi-rs/keyring-win32-arm64-msvc": {
      "version": "2.1.0",
      "resolved": "https://registry.npmjs.org/@napi-rs/keyring-win32-arm64-msvc/-/keyring-win32-arm64-msvc-2.1.0.tgz",
      "integrity": "sha512-SltrXXkEe9a+Jv8ConDkZW2Mdr0srpWurS7oYkYP1Mp07DNBpFyqawRnyo4p7ZvQU3e+R6irj/Fq0epCCvVUXA==",
      "cpu": [
        "arm64"
      ],
      "license": "MIT",
      "optional": true,
      "os": [
        "win32"
      ],
      "engines": {
        "node": ">= 10"
      }
    },
    "node_modules/@napi-rs/keyring-win32-ia32-msvc": {
      "version": "2.1.0",
      "resolved": "https://registry.npmjs.org/@napi-rs/keyring-win32-ia32-msvc/-/keyring-win32-ia32-msvc-2.1.0.tgz",
      "integrity": "sha512-l5wJQhqXkAfQ4FGxoRh0wMpL9VxVmfiYI5TTeOGNupuVsQvbHmysh8gfDQBBWVhyMENHJS2OqOSYIuqVjumAtA==",
      "cpu": [
        "ia32"
      ],
      "license": "MIT",
      "optional": true,
      "os": [
        "win32"
      ],
      "engines": {
        "node": ">= 10"
      }
    },
    "node_modules/@napi-rs/keyring-win32-x64-msvc": {
      "version": "2.1.0",
      "resolved": "https://registry.npmjs.org/@napi-rs/keyring-win32-x64-msvc/-/keyring-win32-x64-msvc-2.1.0.tgz",
      "integrity": "sha512-3zYwO7dhJiUNyv2te81ujXm2vGxHwgx+z2eBm0dTYe3aWpvKQVzpfxCp/7cViJs8duVYE04wVOgXiRhRCMEq2w==",
      "cpu": [
        "x64"
      ],
      "license": "MIT",
      "optional": true,
      "os": [
        "win32"
      ],
      "engines": {
        "node": ">= 10"
      }
    },
    "node_modules/@narumitw/pi-btw": {
      "version": "0.61.1",
      "resolved": "https://registry.npmjs.org/@narumitw/pi-btw/-/pi-btw-0.61.1.tgz",
      "integrity": "sha512-s1AsDNnF4eEeQGByoI+m0Y7gewTkR3KlsnhToLvVJTQqlZWHtIBUlkrODtSan2rBKcYH2GdxlNx9G7WC6N0LvA==",
      "license": "MIT",
      "dependencies": {
        "@narumitw/pi-tui-kit": "^0.64.0"
      },
      "peerDependencies": {
        "@earendil-works/pi-ai": "*",
        "@earendil-works/pi-coding-agent": "*",
        "@earendil-works/pi-tui": "*"
      }
    },
    "node_modules/@narumitw/pi-tui-kit": {
      "version": "0.64.0",
      "resolved": "https://registry.npmjs.org/@narumitw/pi-tui-kit/-/pi-tui-kit-0.64.0.tgz",
      "integrity": "sha512-VdFK3DyNzanfabeNP9DFX8Jj2LMKi6RV0q3Mf+xVwosG0bMWIIUwe6S9KDBYq5KfzEMzr4iFMSBweT95McwedQ==",
      "license": "MIT",
      "dependencies": {
        "diff": "9.0.0",
        "grok-mermaid": "0.2.3",
        "highlight.js": "11.12.0"
      },
      "peerDependencies": {
        "@earendil-works/pi-coding-agent": "*",
        "@earendil-works/pi-tui": "*"
      }
    },
    "node_modules/@narumitw/pi-tui-kit/node_modules/diff": {
      "version": "9.0.0",
      "resolved": "https://registry.npmjs.org/diff/-/diff-9.0.0.tgz",
      "integrity": "sha512-svtcdpS8CgJyqAjEQIXdb3OjhFVVYjzGAPO8WGCmRbrml64SPw/jJD4GoE98aR7r25A0XcgrK3F02yw9R/vhQw==",
      "license": "BSD-3-Clause",
      "engines": {
        "node": ">=0.3.1"
      }
    },
    "node_modules/@pkgr/core": {
      "version": "0.2.10",
      "resolved": "https://registry.npmjs.org/@pkgr/core/-/core-0.2.10.tgz",
      "integrity": "sha512-x6fFWCeak8aCGfqZfe6CXYt5xVjxe9Os1cIPmVRcToInKLjhJkRVXvJ/L3/1KxFkjDQdbZV/YsuLKqa8t/xKpA==",
      "license": "MIT",
      "engines": {
        "node": "^12.20.0 || ^14.18.0 || >=16.0.0"
      },
      "funding": {
        "url": "https://opencollective.com/pkgr"
      }
    },
    "node_modules/@tokenizer/inflate": {
      "version": "0.4.1",
      "resolved": "https://registry.npmjs.org/@tokenizer/inflate/-/inflate-0.4.1.tgz",
      "integrity": "sha512-2mAv+8pkG6GIZiF1kNg1jAjh27IDxEPKwdGul3snfztFerfPGI1LjDezZp3i7BElXompqEtPmoPx6c2wgtWsOA==",
      "license": "MIT",
      "dependencies": {
        "debug": "^4.4.3",
        "token-types": "^6.1.1"
      },
      "engines": {
        "node": ">=18"
      },
      "funding": {
        "type": "github",
        "url": "https://github.com/sponsors/Borewit"
      }
    },
    "node_modules/@tokenizer/token": {
      "version": "0.3.0",
      "resolved": "https://registry.npmjs.org/@tokenizer/token/-/token-0.3.0.tgz",
      "integrity": "sha512-OvjF+z51L3ov0OyAU0duzsYuvO01PH7x4t6DJx+guahgTnBHkhJdG7soQeTSFLWN3efnHyibZ4Z8l2EuWwJN3A==",
      "license": "MIT"
    },
    "node_modules/@typesafe-ai/sdk": {
      "version": "0.6.0",
      "resolved": "https://registry.npmjs.org/@typesafe-ai/sdk/-/sdk-0.6.0.tgz",
      "integrity": "sha512-IddX+Q0XM+VagOUZFeP7wZjaO4SHMdvnh2zEBdrZZnXedWI3BNK1lKhMx3ayrkFWvVLbVcUHJy6AVZlY+e6Jaw==",
      "license": "MIT",
      "engines": {
        "node": ">=20"
      }
    },
    "node_modules/ajv": {
      "version": "8.20.0",
      "resolved": "https://registry.npmjs.org/ajv/-/ajv-8.20.0.tgz",
      "integrity": "sha512-Thbli+OlOj+iMPYFBVBfJ3OmCAnaSyNn4M1vz9T6Gka5Jt9ba/HIR56joy65tY6kx/FCF5VXNB819Y7/GUrBGA==",
      "license": "MIT",
      "dependencies": {
        "fast-deep-equal": "^3.1.3",
        "fast-uri": "^3.0.1",
        "json-schema-traverse": "^1.0.0",
        "require-from-string": "^2.0.2"
      },
      "funding": {
        "type": "github",
        "url": "https://github.com/sponsors/epoberezkin"
      }
    },
    "node_modules/ajv-formats": {
      "version": "3.0.1",
      "resolved": "https://registry.npmjs.org/ajv-formats/-/ajv-formats-3.0.1.tgz",
      "integrity": "sha512-8iUql50EUR+uUcdRQ3HDqa6EVyo3docL8g5WJ3FNcWmu62IbkGUue/pEyLBW8VGKKucTPgqeks4fIU1DA4yowQ==",
      "license": "MIT",
      "dependencies": {
        "ajv": "^8.0.0"
      },
      "peerDependencies": {
        "ajv": "^8.0.0"
      },
      "peerDependenciesMeta": {
        "ajv": {
          "optional": true
        }
      }
    },
    "node_modules/bundle-name": {
      "version": "4.1.0",
      "resolved": "https://registry.npmjs.org/bundle-name/-/bundle-name-4.1.0.tgz",
      "integrity": "sha512-tjwM5exMg6BGRI+kNmTntNsvdZS1X8BFYS6tnJ2hdH0kVxM6/eVZ2xy+FqStSWvYmtfFMDLIxurorHwDKfDz5Q==",
      "license": "MIT",
      "dependencies": {
        "run-applescript": "^7.0.0"
      },
      "engines": {
        "node": ">=18"
      },
      "funding": {
        "url": "https://github.com/sponsors/sindresorhus"
      }
    },
    "node_modules/cross-spawn": {
      "version": "7.0.6",
      "resolved": "https://registry.npmjs.org/cross-spawn/-/cross-spawn-7.0.6.tgz",
      "integrity": "sha512-uV2QOWP2nWzsy2aMp8aRibhi9dlzF5Hgh5SHaB9OiTGEyDTiJJyx0uy51QXdyWbtAHNua4XJzUKca3OzKUd3vA==",
      "license": "MIT",
      "dependencies": {
        "path-key": "^3.1.0",
        "shebang-command": "^2.0.0",
        "which": "^2.0.1"
      },
      "engines": {
        "node": ">= 8"
      }
    },
    "node_modules/cuint": {
      "version": "0.2.2",
      "resolved": "https://registry.npmjs.org/cuint/-/cuint-0.2.2.tgz",
      "integrity": "sha512-d4ZVpCW31eWwCMe1YT3ur7mUDnTXbgwyzaL320DrcRT45rfjYxkt5QWLrmOJ+/UEAI2+fQgKe/fCjR8l4TpRgw==",
      "license": "MIT"
    },
    "node_modules/debug": {
      "version": "4.4.3",
      "resolved": "https://registry.npmjs.org/debug/-/debug-4.4.3.tgz",
      "integrity": "sha512-RGwwWnwQvkVfavKVt22FGLw+xYSdzARwm0ru6DhTVA3umU5hZc28V3kO4stgYryrTlLpuvgI9GiijltAjNbcqA==",
      "license": "MIT",
      "dependencies": {
        "ms": "^2.1.3"
      },
      "engines": {
        "node": ">=6.0"
      },
      "peerDependenciesMeta": {
        "supports-color": {
          "optional": true
        }
      }
    },
    "node_modules/default-browser": {
      "version": "5.5.1",
      "resolved": "https://registry.npmjs.org/default-browser/-/default-browser-5.5.1.tgz",
      "integrity": "sha512-m1pAzaJgZ/gssEqlOhJkPJp8Xly7QyW6xcrkUa2KKcDeDSEMP7X8xipU3snUcfisTQx0w1AGae+9UtJSfVnXGw==",
      "license": "MIT",
      "dependencies": {
        "bundle-name": "^4.1.0",
        "default-browser-id": "^5.0.0"
      },
      "engines": {
        "node": ">=18"
      },
      "funding": {
        "url": "https://github.com/sponsors/sindresorhus"
      }
    },
    "node_modules/default-browser-id": {
      "version": "5.0.1",
      "resolved": "https://registry.npmjs.org/default-browser-id/-/default-browser-id-5.0.1.tgz",
      "integrity": "sha512-x1VCxdX4t+8wVfd1so/9w+vQ4vx7lKd2Qp5tDRutErwmR85OgmfX7RlLRMWafRMY7hbEiXIbudNrjOAPa/hL8Q==",
      "license": "MIT",
      "engines": {
        "node": ">=18"
      },
      "funding": {
        "url": "https://github.com/sponsors/sindresorhus"
      }
    },
    "node_modules/define-lazy-prop": {
      "version": "3.0.0",
      "resolved": "https://registry.npmjs.org/define-lazy-prop/-/define-lazy-prop-3.0.0.tgz",
      "integrity": "sha512-N+MeXYoqr3pOgn8xfyRPREN7gHakLYjhsHhWGT3fWAiL4IkAt0iDw14QiiEm2bE30c5XX5q0FtAA3CK5f9/BUg==",
      "license": "MIT",
      "engines": {
        "node": ">=12"
      },
      "funding": {
        "url": "https://github.com/sponsors/sindresorhus"
      }
    },
    "node_modules/diff": {
      "version": "8.0.4",
      "resolved": "https://registry.npmjs.org/diff/-/diff-8.0.4.tgz",
      "integrity": "sha512-DPi0FmjiSU5EvQV0++GFDOJ9ASQUVFh5kD+OzOnYdi7n3Wpm9hWWGfB/O2blfHcMVTL5WkQXSnRiK9makhrcnw==",
      "license": "BSD-3-Clause",
      "engines": {
        "node": ">=0.3.1"
      }
    },
    "node_modules/eventsource": {
      "version": "3.0.7",
      "resolved": "https://registry.npmjs.org/eventsource/-/eventsource-3.0.7.tgz",
      "integrity": "sha512-CRT1WTyuQoD771GW56XEZFQ/ZoSfWid1alKGDYMmkt2yl8UXrVR4pspqWNEcqKvVIzg6PAltWjxcSSPrboA4iA==",
      "license": "MIT",
      "dependencies": {
        "eventsource-parser": "^3.0.1"
      },
      "engines": {
        "node": ">=18.0.0"
      }
    },
    "node_modules/eventsource-parser": {
      "version": "3.1.1",
      "resolved": "https://registry.npmjs.org/eventsource-parser/-/eventsource-parser-3.1.1.tgz",
      "integrity": "sha512-EKN1vKAMcZ8MlYMpaNuxN6R9yakzH6uajHcHVTqWJzvu5pWw9DyhbP35HH8MVBQ+dZjAfDxk+A8NiR9KWaXiyQ==",
      "license": "MIT",
      "engines": {
        "node": ">=18.0.0"
      }
    },
    "node_modules/fast-deep-equal": {
      "version": "3.1.3",
      "resolved": "https://registry.npmjs.org/fast-deep-equal/-/fast-deep-equal-3.1.3.tgz",
      "integrity": "sha512-f3qQ9oQy9j2AhBe/H9VC91wLmKBCCU/gDOnKNAYG5hswO7BLKj09Hc5HYNz9cGI++xlpDCIgDaitVs03ATR84Q==",
      "license": "MIT"
    },
    "node_modules/fast-uri": {
      "version": "3.1.7",
      "resolved": "https://registry.npmjs.org/fast-uri/-/fast-uri-3.1.7.tgz",
      "integrity": "sha512-dOvZVzjdZdz7phd9v6jCbwxrBW3fK6n8Rc0CtdmM4bumzMnxywBYhuph6J819RRw/ku+rLbelwfMunktuzVVHg==",
      "funding": [
        {
          "type": "github",
          "url": "https://github.com/sponsors/fastify"
        },
        {
          "type": "opencollective",
          "url": "https://opencollective.com/fastify"
        }
      ],
      "license": "BSD-3-Clause"
    },
    "node_modules/file-type": {
      "version": "21.3.4",
      "resolved": "https://registry.npmjs.org/file-type/-/file-type-21.3.4.tgz",
      "integrity": "sha512-Ievi/yy8DS3ygGvT47PjSfdFoX+2isQueoYP1cntFW1JLYAuS4GD7NUPGg4zv2iZfV52uDyk5w5Z0TdpRS6Q1g==",
      "license": "MIT",
      "dependencies": {
        "@tokenizer/inflate": "^0.4.1",
        "strtok3": "^10.3.4",
        "token-types": "^6.1.1",
        "uint8array-extras": "^1.4.0"
      },
      "engines": {
        "node": ">=20"
      },
      "funding": {
        "url": "https://github.com/sindresorhus/file-type?sponsor=1"
      }
    },
    "node_modules/grok-mermaid": {
      "version": "0.2.3",
      "resolved": "https://registry.npmjs.org/grok-mermaid/-/grok-mermaid-0.2.3.tgz",
      "integrity": "sha512-/4KopAbsjvuRP9MdPtlDjOHUmUVEohOX73JNcsWpzAtFxh+bq5+Dhb6gzvRieLDwIPQIR3/vy8V1NNTuz4Zsmg==",
      "license": "Apache-2.0",
      "engines": {
        "node": ">=18"
      }
    },
    "node_modules/highlight.js": {
      "version": "11.12.0",
      "resolved": "https://registry.npmjs.org/highlight.js/-/highlight.js-11.12.0.tgz",
      "integrity": "sha512-nbfWpyRMcMrPMmDwJB+dhX/eiaPKtc2RB+0QZskqJ3WjRA/FDS0e9hZrx8EC/lbEv8gXy98FcDbNa/dspAaJMg==",
      "license": "BSD-3-Clause",
      "engines": {
        "node": ">=12.0.0"
      }
    },
    "node_modules/ieee754": {
      "version": "1.2.1",
      "resolved": "https://registry.npmjs.org/ieee754/-/ieee754-1.2.1.tgz",
      "integrity": "sha512-dcyqhDvX1C46lXZcVqCpK+FtMRQVdIMN6/Df5js2zouUsqG7I6sFxitIC+7KYK29KdXOLHdu9zL4sFnoVQnqaA==",
      "funding": [
        {
          "type": "github",
          "url": "https://github.com/sponsors/feross"
        },
        {
          "type": "patreon",
          "url": "https://www.patreon.com/feross"
        },
        {
          "type": "consulting",
          "url": "https://feross.org/support"
        }
      ],
      "license": "BSD-3-Clause"
    },
    "node_modules/is-docker": {
      "version": "3.0.0",
      "resolved": "https://registry.npmjs.org/is-docker/-/is-docker-3.0.0.tgz",
      "integrity": "sha512-eljcgEDlEns/7AXFosB5K/2nCM4P7FQPkGc/DWLy5rmFEWvZayGrik1d9/QIY5nJ4f9YsVvBkA6kJpHn9rISdQ==",
      "license": "MIT",
      "bin": {
        "is-docker": "cli.js"
      },
      "engines": {
        "node": "^12.20.0 || ^14.13.1 || >=16.0.0"
      },
      "funding": {
        "url": "https://github.com/sponsors/sindresorhus"
      }
    },
    "node_modules/is-inside-container": {
      "version": "1.0.0",
      "resolved": "https://registry.npmjs.org/is-inside-container/-/is-inside-container-1.0.0.tgz",
      "integrity": "sha512-KIYLCCJghfHZxqjYBE7rEy0OBuTd5xCHS7tHVgvCLkx7StIoaxwNW3hCALgEUjFfeRk+MG/Qxmp/vtETEF3tRA==",
      "license": "MIT",
      "dependencies": {
        "is-docker": "^3.0.0"
      },
      "bin": {
        "is-inside-container": "cli.js"
      },
      "engines": {
        "node": ">=14.16"
      },
      "funding": {
        "url": "https://github.com/sponsors/sindresorhus"
      }
    },
    "node_modules/is-wsl": {
      "version": "3.1.1",
      "resolved": "https://registry.npmjs.org/is-wsl/-/is-wsl-3.1.1.tgz",
      "integrity": "sha512-e6rvdUCiQCAuumZslxRJWR/Doq4VpPR82kqclvcS0efgt430SlGIk05vdCN58+VrzgtIcfNODjozVielycD4Sw==",
      "license": "MIT",
      "dependencies": {
        "is-inside-container": "^1.0.0"
      },
      "engines": {
        "node": ">=16"
      },
      "funding": {
        "url": "https://github.com/sponsors/sindresorhus"
      }
    },
    "node_modules/isexe": {
      "version": "2.0.0",
      "resolved": "https://registry.npmjs.org/isexe/-/isexe-2.0.0.tgz",
      "integrity": "sha512-RHxMLp9lnKHGHRng9QFhRCMbYAcVpn69smSGcq3f36xjgVVWThj4qqLbTLlq7Ssj8B+fIQ1EuCEGI2lKsyQeIw==",
      "license": "ISC"
    },
    "node_modules/jiti": {
      "version": "2.7.0",
      "resolved": "https://registry.npmjs.org/jiti/-/jiti-2.7.0.tgz",
      "integrity": "sha512-AC/7JofJvZGrrneWNaEnJeOLUx+JlGt7tNa0wZiRPT4MY1wmfKjt2+6O2p2uz2+skll8OZZmJMNqeke7kKbNgQ==",
      "license": "MIT",
      "bin": {
        "jiti": "lib/jiti-cli.mjs"
      }
    },
    "node_modules/jose": {
      "version": "6.2.12",
      "resolved": "https://registry.npmjs.org/jose/-/jose-6.2.12.tgz",
      "integrity": "sha512-9NiFmJEex0sy2Dk58j2UGBSHgUs2ypF9eZSu4L6vjOX3Dp96Sw1F3uL+H+D1sx02jZZdzUT0HgvCy59CuvXcWw==",
      "license": "MIT",
      "funding": {
        "url": "https://github.com/sponsors/panva"
      }
    },
    "node_modules/json-schema-traverse": {
      "version": "1.0.0",
      "resolved": "https://registry.npmjs.org/json-schema-traverse/-/json-schema-traverse-1.0.0.tgz",
      "integrity": "sha512-NM8/P9n3XjXhIZn1lLhkFaACTOURQXjWhV4BA/RnOv8xvgqtqpAX9IO4mRQxSx1Rlo4tqzeqb0sOlruaOy3dug==",
      "license": "MIT"
    },
    "node_modules/ms": {
      "version": "2.1.3",
      "resolved": "https://registry.npmjs.org/ms/-/ms-2.1.3.tgz",
      "integrity": "sha512-6FlzubTLZG3J2a/NVCAleEhjzq5oxgHyaCU9yYXvcLsvoVaHJq/s5xXI6/XXP6tz7R9xAOtHnSO/tXtF3WRTlA==",
      "license": "MIT"
    },
    "node_modules/open": {
      "version": "10.2.0",
      "resolved": "https://registry.npmjs.org/open/-/open-10.2.0.tgz",
      "integrity": "sha512-YgBpdJHPyQ2UE5x+hlSXcnejzAvD0b22U2OuAP+8OnlJT+PjWPxtgmGqKKc+RgTM63U9gN0YzrYc71R2WT/hTA==",
      "license": "MIT",
      "dependencies": {
        "default-browser": "^5.2.1",
        "define-lazy-prop": "^3.0.0",
        "is-inside-container": "^1.0.0",
        "wsl-utils": "^0.1.0"
      },
      "engines": {
        "node": ">=18"
      },
      "funding": {
        "url": "https://github.com/sponsors/sindresorhus"
      }
    },
    "node_modules/path-key": {
      "version": "3.1.1",
      "resolved": "https://registry.npmjs.org/path-key/-/path-key-3.1.1.tgz",
      "integrity": "sha512-ojmeN0qd+y0jszEtoY48r0Peq5dwMEkIlCOu6Q5f41lfkswXuKtYrhgoTpLnyIcHm24Uhqx+5Tqm2InSwLhE6Q==",
      "license": "MIT",
      "engines": {
        "node": ">=8"
      }
    },
    "node_modules/pi-everforest-tui": {
      "version": "0.2.0",
      "resolved": "https://registry.npmjs.org/pi-everforest-tui/-/pi-everforest-tui-0.2.0.tgz",
      "integrity": "sha512-9OGXHFwyt3XYRMzJVZpySmYf7QrDwmFcuOk/qH9CHmu1JKrJvxgE3MUOELkXSB5+GU5WJYyIDP488CxycGSPFg==",
      "license": "MIT",
      "peerDependencies": {
        "@earendil-works/pi-coding-agent": "*",
        "@earendil-works/pi-tui": "*"
      }
    },
    "node_modules/pi-hashline-edit": {
      "version": "0.8.3",
      "resolved": "https://registry.npmjs.org/pi-hashline-edit/-/pi-hashline-edit-0.8.3.tgz",
      "integrity": "sha512-eQWvwvR8aS7e/8CLTt8sdGhFXJguPTyFK+m9IB2muQQHsPnyMlF/cXKzEo5mQ898LxAM1jl7UVhPsmNXR8y/Mw==",
      "license": "MIT",
      "dependencies": {
        "diff": "^8.0.2",
        "file-type": "^21.3.0",
        "xxhashjs": "^0.2.2"
      },
      "peerDependencies": {
        "@earendil-works/pi-ai": ">=0.74.0",
        "@earendil-works/pi-coding-agent": ">=0.74.0",
        "@earendil-works/pi-tui": "*",
        "@sinclair/typebox": "*"
      }
    },
    "node_modules/pi-mcp-adapter": {
      "version": "3.3.0",
      "resolved": "https://registry.npmjs.org/pi-mcp-adapter/-/pi-mcp-adapter-3.3.0.tgz",
      "integrity": "sha512-CNwp4/uTsfRM+y6tzCGDaZfzExPRbE9c+Vc2iTHgNGGp0Ey7EzdY745pQJx4utGjTmgCFCXY95fu8iwfX1Lnrg==",
      "license": "MIT",
      "dependencies": {
        "@modelcontextprotocol/client": "2.0.0",
        "@modelcontextprotocol/core": "2.0.0",
        "@modelcontextprotocol/ext-tasks": "^0.1.0",
        "@napi-rs/keyring": "^2.1.0",
        "@typesafe-ai/sdk": "0.6.0",
        "ajv": "^8.17.1",
        "ajv-formats": "^3.0.1",
        "cross-spawn": "^7.0.6",
        "open": "^10.2.0",
        "quickjs-wasi": "3.6.2",
        "recheck": "4.6.0-beta.3",
        "smol-toml": "^1.9.0",
        "strip-json-comments": "^5.0.3",
        "undici": "^6.28.1",
        "zod": "^3.25.0 || ^4.0.0"
      },
      "bin": {
        "pi-mcp-adapter": "cli.js"
      },
      "engines": {
        "node": ">=20"
      },
      "peerDependencies": {
        "@earendil-works/pi-ai": "^0.84.1 || ^0.85.0 || ^0.86.0 || ^0.87.0",
        "@earendil-works/pi-tui": "*",
        "typebox": "*",
        "zod": "^3.25.0 || ^4.0.0"
      },
      "peerDependenciesMeta": {
        "@earendil-works/pi-ai": {
          "optional": true
        },
        "@earendil-works/pi-tui": {
          "optional": true
        },
        "typebox": {
          "optional": true
        }
      }
    },
    "node_modules/pi-permissions": {
      "version": "1.0.4",
      "resolved": "https://registry.npmjs.org/pi-permissions/-/pi-permissions-1.0.4.tgz",
      "integrity": "sha512-LqGg2+7K69XOupp3g77m4BQkpFhXxDXvdpgd8vQu2jYZv3D6Zy2gvYcWAga48UlwMqiq+nqkkUQgJThJ18xAKA==",
      "license": "MIT",
      "peerDependencies": {
        "@mariozechner/pi-coding-agent": "*"
      }
    },
    "node_modules/pi-subagents": {
      "version": "0.35.1",
      "resolved": "https://registry.npmjs.org/pi-subagents/-/pi-subagents-0.35.1.tgz",
      "integrity": "sha512-nIH6liO541FZ1RoeEu58Ligd59tiNw0/ODPgHh7uvx9Dk4UpWH08F84/l1+hXCzUgC85OCmyVtngWkZjcK94Cg==",
      "license": "MIT",
      "dependencies": {
        "jiti": "2.7.0",
        "yaml": "2.8.3"
      },
      "bin": {
        "pi-subagents": "install.mjs"
      },
      "peerDependencies": {
        "@earendil-works/pi-agent-core": "*",
        "@earendil-works/pi-ai": "*",
        "@earendil-works/pi-coding-agent": "*",
        "@earendil-works/pi-tui": "*",
        "typebox": "*"
      },
      "peerDependenciesMeta": {
        "@earendil-works/pi-agent-core": {
          "optional": true
        },
        "@earendil-works/pi-ai": {
          "optional": true
        },
        "@earendil-works/pi-coding-agent": {
          "optional": true
        },
        "@earendil-works/pi-tui": {
          "optional": true
        },
        "typebox": {
          "optional": true
        }
      }
    },
    "node_modules/pi-subagents/node_modules/yaml": {
      "version": "2.8.3",
      "resolved": "https://registry.npmjs.org/yaml/-/yaml-2.8.3.tgz",
      "integrity": "sha512-AvbaCLOO2Otw/lW5bmh9d/WEdcDFdQp2Z2ZUH3pX9U2ihyUY0nvLv7J6TrWowklRGPYbB/IuIMfYgxaCPg5Bpg==",
      "license": "ISC",
      "bin": {
        "yaml": "bin.mjs"
      },
      "engines": {
        "node": ">= 14.6"
      },
      "funding": {
        "url": "https://github.com/sponsors/eemeli"
      }
    },
    "node_modules/pkce-challenge": {
      "version": "5.0.1",
      "resolved": "https://registry.npmjs.org/pkce-challenge/-/pkce-challenge-5.0.1.tgz",
      "integrity": "sha512-wQ0b/W4Fr01qtpHlqSqspcj3EhBvimsdh0KlHhH8HRZnMsEa0ea2fTULOXOS9ccQr3om+GcGRk4e+isrZWV8qQ==",
      "license": "MIT",
      "engines": {
        "node": ">=16.20.0"
      }
    },
    "node_modules/quickjs-wasi": {
      "version": "3.6.2",
      "resolved": "https://registry.npmjs.org/quickjs-wasi/-/quickjs-wasi-3.6.2.tgz",
      "integrity": "sha512-FCqGtGOrMgzUiIrMNMA2YnsOxCNwo31dzqXvclXUC6xeT35NJLKXQJsvbeCTjvoFAwZgEAPg8U6+KAPDGXn8Mg==",
      "license": "MIT"
    },
    "node_modules/recheck": {
      "version": "4.6.0-beta.3",
      "resolved": "https://registry.npmjs.org/recheck/-/recheck-4.6.0-beta.3.tgz",
      "integrity": "sha512-vFGnR2AF6o8O5/gyLoIx5Kcnqdf/e3RLeMbZYgTJAiTIkKFPEFAWKxHiGWOhZDg5ibt46oqN7h+yJE6Gx2HqYw==",
      "license": "MIT",
      "dependencies": {
        "synckit": "0.11.11"
      },
      "engines": {
        "node": ">=20"
      },
      "optionalDependencies": {
        "recheck-jar": "4.6.0-beta.3",
        "recheck-linux-arm64": "4.6.0-beta.3",
        "recheck-linux-x64": "4.6.0-beta.3",
        "recheck-macos-arm64": "4.6.0-beta.3",
        "recheck-macos-x64": "4.6.0-beta.3",
        "recheck-windows-x64": "4.6.0-beta.3"
      }
    },
    "node_modules/recheck-jar": {
      "version": "4.6.0-beta.3",
      "resolved": "https://registry.npmjs.org/recheck-jar/-/recheck-jar-4.6.0-beta.3.tgz",
      "integrity": "sha512-CwADkL99b8QlGcg7vRzuhkzfQebIPO8+IfIOi1HIlzBRUC8k6/zAylmzcavI9rjZD4jVStRR+Px+TnkCOCoXbQ==",
      "license": "MIT",
      "optional": true
    },
    "node_modules/recheck-linux-arm64": {
      "version": "4.6.0-beta.3",
      "resolved": "https://registry.npmjs.org/recheck-linux-arm64/-/recheck-linux-arm64-4.6.0-beta.3.tgz",
      "integrity": "sha512-ym3//7ygvClNCPezhvGhvD/phqQPlEcQpUWbkZVczoOwMjFaJn+7/Gtnt2RXzOMGW1fy2pVGtWAK7B871JTlJA==",
      "cpu": [
        "arm64"
      ],
      "license": "MIT",
      "optional": true,
      "os": [
        "linux"
      ]
    },
    "node_modules/recheck-linux-x64": {
      "version": "4.6.0-beta.3",
      "resolved": "https://registry.npmjs.org/recheck-linux-x64/-/recheck-linux-x64-4.6.0-beta.3.tgz",
      "integrity": "sha512-QBzszyfVO7jZqOh6yjNlulD45BYS0QVReHrPzN2rDWSTs8NnDbWcrXMGo5zSlCsS/hMmuuExbs/jYIZQfqyIsQ==",
      "cpu": [
        "x64"
      ],
      "license": "MIT",
      "optional": true,
      "os": [
        "linux"
      ]
    },
    "node_modules/recheck-macos-arm64": {
      "version": "4.6.0-beta.3",
      "resolved": "https://registry.npmjs.org/recheck-macos-arm64/-/recheck-macos-arm64-4.6.0-beta.3.tgz",
      "integrity": "sha512-28hiCHhgXyA2ZsYxK2L9uzFfcgo1yQ4x9cVqH2HbDRSD9c+B3P5GpxsYWSKk0VFCvMuPjWrqWtGgRQJgIv9dew==",
      "cpu": [
        "arm64"
      ],
      "license": "MIT",
      "optional": true,
      "os": [
        "darwin"
      ]
    },
    "node_modules/recheck-macos-x64": {
      "version": "4.6.0-beta.3",
      "resolved": "https://registry.npmjs.org/recheck-macos-x64/-/recheck-macos-x64-4.6.0-beta.3.tgz",
      "integrity": "sha512-sGb55OMrMC2cygjGktQctgXyWm8p7M+LiyppTvB044yIGbAusShFE6AJaroaeB2rSAivLDRhAfnclZZiRBnyfA==",
      "cpu": [
        "x64"
      ],
      "license": "MIT",
      "optional": true,
      "os": [
        "darwin"
      ]
    },
    "node_modules/recheck-windows-x64": {
      "version": "4.6.0-beta.3",
      "resolved": "https://registry.npmjs.org/recheck-windows-x64/-/recheck-windows-x64-4.6.0-beta.3.tgz",
      "integrity": "sha512-kLASRM4KvltHHY2APe3eDrOdPrZs9bbUEFCiVpCJxxnWMpxqmO465DmU71jIZUIRCf+1y4iyyvMxCYbw8Kw3tQ==",
      "cpu": [
        "x64"
      ],
      "license": "MIT",
      "optional": true,
      "os": [
        "win32"
      ]
    },
    "node_modules/require-from-string": {
      "version": "2.0.2",
      "resolved": "https://registry.npmjs.org/require-from-string/-/require-from-string-2.0.2.tgz",
      "integrity": "sha512-Xf0nWe6RseziFMu+Ap9biiUbmplq6S9/p+7w7YXP/JBHhrUDDUhwa+vANyubuqfZWTveU//DYVGsDG7RKL/vEw==",
      "license": "MIT",
      "engines": {
        "node": ">=0.10.0"
      }
    },
    "node_modules/run-applescript": {
      "version": "7.1.0",
      "resolved": "https://registry.npmjs.org/run-applescript/-/run-applescript-7.1.0.tgz",
      "integrity": "sha512-DPe5pVFaAsinSaV6QjQ6gdiedWDcRCbUuiQfQa2wmWV7+xC9bGulGI8+TdRmoFkAPaBXk8CrAbnlY2ISniJ47Q==",
      "license": "MIT",
      "engines": {
        "node": ">=18"
      },
      "funding": {
        "url": "https://github.com/sponsors/sindresorhus"
      }
    },
    "node_modules/shebang-command": {
      "version": "2.0.0",
      "resolved": "https://registry.npmjs.org/shebang-command/-/shebang-command-2.0.0.tgz",
      "integrity": "sha512-kHxr2zZpYtdmrN1qDjrrX/Z1rR1kG8Dx+gkpK1G4eXmvXswmcE1hTWBWYUzlraYw1/yZp6YuDY77YtvbN0dmDA==",
      "license": "MIT",
      "dependencies": {
        "shebang-regex": "^3.0.0"
      },
      "engines": {
        "node": ">=8"
      }
    },
    "node_modules/shebang-regex": {
      "version": "3.0.0",
      "resolved": "https://registry.npmjs.org/shebang-regex/-/shebang-regex-3.0.0.tgz",
      "integrity": "sha512-7++dFhtcx3353uBaq8DDR4NuxBetBzC7ZQOhmTQInHEd6bSrXdiEyzCvG07Z44UYdLShWUyXt5M/yhz8ekcb1A==",
      "license": "MIT",
      "engines": {
        "node": ">=8"
      }
    },
    "node_modules/smol-toml": {
      "version": "1.9.0",
      "resolved": "https://registry.npmjs.org/smol-toml/-/smol-toml-1.9.0.tgz",
      "integrity": "sha512-hpd+HLON7HdZXqYchMM/+LaTTbdK0AU3NngIJ4KVyWbY9bfQqdL9cD+4yf6dUoU2Ap4VsU0JkQi6FxAI1B2mXQ==",
      "license": "BSD-3-Clause",
      "engines": {
        "node": ">= 18"
      },
      "funding": {
        "url": "https://github.com/sponsors/cyyynthia"
      }
    },
    "node_modules/strip-json-comments": {
      "version": "5.0.3",
      "resolved": "https://registry.npmjs.org/strip-json-comments/-/strip-json-comments-5.0.3.tgz",
      "integrity": "sha512-1tB5mhVo7U+ETBKNf92xT4hrQa3pm0MZ0PQvuDnWgAAGHDsfp4lPSpiS6psrSiet87wyGPh9ft6wmhOMQ0hDiw==",
      "license": "MIT",
      "engines": {
        "node": ">=14.16"
      },
      "funding": {
        "url": "https://github.com/sponsors/sindresorhus"
      }
    },
    "node_modules/strtok3": {
      "version": "10.3.5",
      "resolved": "https://registry.npmjs.org/strtok3/-/strtok3-10.3.5.tgz",
      "integrity": "sha512-ki4hZQfh5rX0QDLLkOCj+h+CVNkqmp/CMf8v8kZpkNVK6jGQooMytqzLZYUVYIZcFZ6yDB70EfD8POcFXiF5oA==",
      "license": "MIT",
      "dependencies": {
        "@tokenizer/token": "^0.3.0"
      },
      "engines": {
        "node": ">=18"
      },
      "funding": {
        "type": "github",
        "url": "https://github.com/sponsors/Borewit"
      }
    },
    "node_modules/synckit": {
      "version": "0.11.11",
      "resolved": "https://registry.npmjs.org/synckit/-/synckit-0.11.11.tgz",
      "integrity": "sha512-MeQTA1r0litLUf0Rp/iisCaL8761lKAZHaimlbGK4j0HysC4PLfqygQj9srcs0m2RdtDYnF8UuYyKpbjHYp7Jw==",
      "license": "MIT",
      "dependencies": {
        "@pkgr/core": "^0.2.9"
      },
      "engines": {
        "node": "^14.18.0 || >=16.0.0"
      },
      "funding": {
        "url": "https://opencollective.com/synckit"
      }
    },
    "node_modules/token-types": {
      "version": "6.1.2",
      "resolved": "https://registry.npmjs.org/token-types/-/token-types-6.1.2.tgz",
      "integrity": "sha512-dRXchy+C0IgK8WPC6xvCHFRIWYUbqqdEIKPaKo/AcTUNzwLTK6AH7RjdLWsEZcAN/TBdtfUw3PYEgPr5VPr6ww==",
      "license": "MIT",
      "dependencies": {
        "@borewit/text-codec": "^0.2.1",
        "@tokenizer/token": "^0.3.0",
        "ieee754": "^1.2.1"
      },
      "engines": {
        "node": ">=14.16"
      },
      "funding": {
        "type": "github",
        "url": "https://github.com/sponsors/Borewit"
      }
    },
    "node_modules/uint8array-extras": {
      "version": "1.5.0",
      "resolved": "https://registry.npmjs.org/uint8array-extras/-/uint8array-extras-1.5.0.tgz",
      "integrity": "sha512-rvKSBiC5zqCCiDZ9kAOszZcDvdAHwwIKJG33Ykj43OKcWsnmcBRL09YTU4nOeHZ8Y2a7l1MgTd08SBe9A8Qj6A==",
      "license": "MIT",
      "engines": {
        "node": ">=18"
      },
      "funding": {
        "url": "https://github.com/sponsors/sindresorhus"
      }
    },
    "node_modules/undici": {
      "version": "6.28.1",
      "resolved": "https://registry.npmjs.org/undici/-/undici-6.28.1.tgz",
      "integrity": "sha512-zWpdTVD54H48CIybL0rWQ3ukpb9d23wM7eH5RtfdmeP70cWHNjtfo7P4vZX+5CoDcO53J4Pu5uXp7lNfjc6DRA==",
      "license": "MIT",
      "engines": {
        "node": ">=18.17"
      }
    },
    "node_modules/which": {
      "version": "2.0.2",
      "resolved": "https://registry.npmjs.org/which/-/which-2.0.2.tgz",
      "integrity": "sha512-BLI3Tl1TW3Pvl70l3yq3Y64i+awpwXqsGBYWkkqMtnbXgrMD+yj7rhW0kuEDxzJaYXGjEW5ogapKNMEKNMjibA==",
      "license": "ISC",
      "dependencies": {
        "isexe": "^2.0.0"
      },
      "bin": {
        "node-which": "bin/node-which"
      },
      "engines": {
        "node": ">= 8"
      }
    },
    "node_modules/wsl-utils": {
      "version": "0.1.0",
      "resolved": "https://registry.npmjs.org/wsl-utils/-/wsl-utils-0.1.0.tgz",
      "integrity": "sha512-h3Fbisa2nKGPxCpm89Hk33lBLsnaGBvctQopaBSOW/uIs6FTe1ATyAnKFJrzVs9vpGdsTe73WF3V4lIsk4Gacw==",
      "license": "MIT",
      "dependencies": {
        "is-wsl": "^3.1.0"
      },
      "engines": {
        "node": ">=18"
      },
      "funding": {
        "url": "https://github.com/sponsors/sindresorhus"
      }
    },
    "node_modules/xxhashjs": {
      "version": "0.2.2",
      "resolved": "https://registry.npmjs.org/xxhashjs/-/xxhashjs-0.2.2.tgz",
      "integrity": "sha512-AkTuIuVTET12tpsVIQo+ZU6f/qDmKuRUcjaqR+OIvm+aCBsZ95i7UVY5WJ9TMsSaZ0DA2WxoZ4acu0sPH+OKAw==",
      "license": "MIT",
      "dependencies": {
        "cuint": "^0.2.2"
      }
    },
    "node_modules/zod": {
      "version": "4.6.1",
      "resolved": "https://registry.npmjs.org/zod/-/zod-4.6.1.tgz",
      "integrity": "sha512-341aRWQsve0rvronKNTqZpjmzdbUDlFuzHaI/XLg/Ej82qffDJRRfBTCuv7+9q/rMjB6LSLyEBnW4InJeMtt/Q==",
      "license": "MIT",
      "funding": {
        "url": "https://github.com/sponsors/colinhacks"
      }
    }
  }
}
