{
  "name": "pi-extensions",
  "lockfileVersion": 3,
  "requires": true,
  "packages": {
    "": {
      "name": "pi-extensions",
      "dependencies": {
        "pi-everforest-tui": "^0.2.0"
      }
    },
    "node_modules/pi-everforest-tui": {
      "version": "0.2.0",
      "resolved": "https://registry.npmjs.org/pi-everforest-tui/-/pi-everforest-tui-0.2.0.tgz",
      "integrity": "sha512-9OGXHFwyt3XYRMzJVZpySmYf7QrDwmFcuOk/qH9CHmu1JKrJvxgE3MUOELkXSB5+GU5WJYyIDP488CxycGSPFg==",
      "license": "MIT",
      "peerDependencies": {
        "@earendil-works/pi-coding-agent": "*",
        "@earendil-works/pi-tui": "*"
      }
    }
  }
}
